
Microsoft Visual Studio Solution File, Format Version 12.00
# Visual Studio Version 16
VisualStudioVersion = 16.0.30503.244
MinimumVisualStudioVersion = 10.0.40219.1
Project("{FAE04EC0-301F-11D3-BF4B-00C04F79EFBC}") = "FTMS", "FTMS\FTMS.csproj", "{86A1A689-CE52-4D00-81EC-8D55B997ECA8}"
EndProject
Global
	GlobalSection(SolutionConfigurationPlatforms) = preSolution
		Debug|Any CPU = Debug|Any CPU
		Release|Any CPU = Release|Any CPU
	EndGlobalSection
	GlobalSection(ProjectConfigurationPlatforms) = postSolution
		{86A1A689-CE52-4D00-81EC-8D55B997ECA8}.Debug|Any CPU.ActiveCfg = Debug|Any CPU
		{86A1A689-CE52-4D00-81EC-8D55B997ECA8}.Debug|Any CPU.Build.0 = Debug|Any CPU
		{86A1A689-CE52-4D00-81EC-8D55B997ECA8}.Release|Any CPU.ActiveCfg = Release|Any CPU
		{86A1A689-CE52-4D00-81EC-8D55B997ECA8}.Release|Any CPU.Build.0 = Release|Any CPU
	EndGlobalSection
	GlobalSection(SolutionProperties) = preSolution
		HideSolutionNode = FALSE
	EndGlobalSection
	GlobalSection(ExtensibilityGlobals) = postSolution
		SolutionGuid = {A2AA62C0-8594-4676-9F6D-A0E18C9E0749}
	EndGlobalSection
EndGlobal
